
Microsoft Visual Studio Solution File, Format Version 12.00
# Visual Studio Version 17
VisualStudioVersion = 17.5.33516.290
MinimumVisualStudioVersion = 10.0.40219.1
Project("{9A19103F-16F7-4668-BE54-9A1E7A4F7556}") = "HomeBar.Api", "HomeBar.Api.csproj", "{D733FD4B-DF77-4481-9777-7115D9985BA3}"
EndProject
Project("{9A19103F-16F7-4668-BE54-9A1E7A4F7556}") = "HomeBar.App", "..\HomeBar.App\HomeBar.App.csproj", "{4E57300B-861E-442E-BB0B-6423A884F5E8}"
EndProject
Project("{9A19103F-16F7-4668-BE54-9A1E7A4F7556}") = "HomeBar.Models", "..\HomeBar.Models\HomeBar.Models.csproj", "{B36FC7D9-6BC6-474F-8811-B4BA4C40848C}"
EndProject
Global
	GlobalSection(SolutionConfigurationPlatforms) = preSolution
		Debug|Any CPU = Debug|Any CPU
		Release|Any CPU = Release|Any CPU
	EndGlobalSection
	GlobalSection(ProjectConfigurationPlatforms) = postSolution
		{D733FD4B-DF77-4481-9777-7115D9985BA3}.Debug|Any CPU.ActiveCfg = Debug|Any CPU
		{D733FD4B-DF77-4481-9777-7115D9985BA3}.Debug|Any CPU.Build.0 = Debug|Any CPU
		{D733FD4B-DF77-4481-9777-7115D9985BA3}.Release|Any CPU.ActiveCfg = Release|Any CPU
		{D733FD4B-DF77-4481-9777-7115D9985BA3}.Release|Any CPU.Build.0 = Release|Any CPU
		{4E57300B-861E-442E-BB0B-6423A884F5E8}.Debug|Any CPU.ActiveCfg = Debug|Any CPU
		{4E57300B-861E-442E-BB0B-6423A884F5E8}.Debug|Any CPU.Build.0 = Debug|Any CPU
		{4E57300B-861E-442E-BB0B-6423A884F5E8}.Release|Any CPU.ActiveCfg = Release|Any CPU
		{4E57300B-861E-442E-BB0B-6423A884F5E8}.Release|Any CPU.Build.0 = Release|Any CPU
		{B36FC7D9-6BC6-474F-8811-B4BA4C40848C}.Debug|Any CPU.ActiveCfg = Debug|Any CPU
		{B36FC7D9-6BC6-474F-8811-B4BA4C40848C}.Debug|Any CPU.Build.0 = Debug|Any CPU
		{B36FC7D9-6BC6-474F-8811-B4BA4C40848C}.Release|Any CPU.ActiveCfg = Release|Any CPU
		{B36FC7D9-6BC6-474F-8811-B4BA4C40848C}.Release|Any CPU.Build.0 = Release|Any CPU
	EndGlobalSection
	GlobalSection(SolutionProperties) = preSolution
		HideSolutionNode = FALSE
	EndGlobalSection
	GlobalSection(ExtensibilityGlobals) = postSolution
		SolutionGuid = {4CB0D328-7FB7-4E64-B8B5-21B988069A13}
	EndGlobalSection
EndGlobal
